
Microsoft Visual Studio Solution File, Format Version 12.00
# Visual Studio Version 17
VisualStudioVersion = 17.13.35919.96 d17.13
MinimumVisualStudioVersion = 10.0.40219.1
Project("{FAE04EC0-301F-11D3-BF4B-00C04F79EFBC}") = "Api", "Api\Api.csproj", "{FFE2D2A5-7ED9-4370-BD8E-F82E0CA42C97}"
EndProject
Global
	GlobalSection(SolutionConfigurationPlatforms) = preSolution
		Debug|Any CPU = Debug|Any CPU
		Release|Any CPU = Release|Any CPU
	EndGlobalSection
	GlobalSection(ProjectConfigurationPlatforms) = postSolution
		{FFE2D2A5-7ED9-4370-BD8E-F82E0CA42C97}.Debug|Any CPU.ActiveCfg = Debug|Any CPU
		{FFE2D2A5-7ED9-4370-BD8E-F82E0CA42C97}.Debug|Any CPU.Build.0 = Debug|Any CPU
		{FFE2D2A5-7ED9-4370-BD8E-F82E0CA42C97}.Release|Any CPU.ActiveCfg = Release|Any CPU
		{FFE2D2A5-7ED9-4370-BD8E-F82E0CA42C97}.Release|Any CPU.Build.0 = Release|Any CPU
	EndGlobalSection
	GlobalSection(SolutionProperties) = preSolution
		HideSolutionNode = FALSE
	EndGlobalSection
	GlobalSection(ExtensibilityGlobals) = postSolution
		SolutionGuid = {64F5432C-F0F7-4DEA-80AE-6DC5359D697E}
	EndGlobalSection
EndGlobal
